
Microsoft Visual Studio Solution File, Format Version 12.00
# Visual Studio Version 17
VisualStudioVersion = 17.7.34003.232
MinimumVisualStudioVersion = 10.0.40219.1
Project("{9A19103F-16F7-4668-BE54-9A1E7A4F7556}") = "PrincipiosSolid", "SOLID\PrincipiosSolid.csproj", "{04CF72FF-D973-44A7-9075-7E6169FB9AA7}"
EndProject
Project("{9A19103F-16F7-4668-BE54-9A1E7A4F7556}") = "GRASP", "GRASP\GRASP.csproj", "{50519AD8-9C90-4433-8B00-E720DB1EC2C4}"
EndProject
Global
	GlobalSection(SolutionConfigurationPlatforms) = preSolution
		Debug|Any CPU = Debug|Any CPU
		Release|Any CPU = Release|Any CPU
	EndGlobalSection
	GlobalSection(ProjectConfigurationPlatforms) = postSolution
		{04CF72FF-D973-44A7-9075-7E6169FB9AA7}.Debug|Any CPU.ActiveCfg = Debug|Any CPU
		{04CF72FF-D973-44A7-9075-7E6169FB9AA7}.Debug|Any CPU.Build.0 = Debug|Any CPU
		{04CF72FF-D973-44A7-9075-7E6169FB9AA7}.Release|Any CPU.ActiveCfg = Release|Any CPU
		{04CF72FF-D973-44A7-9075-7E6169FB9AA7}.Release|Any CPU.Build.0 = Release|Any CPU
		{50519AD8-9C90-4433-8B00-E720DB1EC2C4}.Debug|Any CPU.ActiveCfg = Debug|Any CPU
		{50519AD8-9C90-4433-8B00-E720DB1EC2C4}.Debug|Any CPU.Build.0 = Debug|Any CPU
		{50519AD8-9C90-4433-8B00-E720DB1EC2C4}.Release|Any CPU.ActiveCfg = Release|Any CPU
		{50519AD8-9C90-4433-8B00-E720DB1EC2C4}.Release|Any CPU.Build.0 = Release|Any CPU
	EndGlobalSection
	GlobalSection(SolutionProperties) = preSolution
		HideSolutionNode = FALSE
	EndGlobalSection
	GlobalSection(ExtensibilityGlobals) = postSolution
		SolutionGuid = {34076FDE-1D71-4CE4-BCA3-F24DBFAED954}
	EndGlobalSection
EndGlobal
